
Microsoft Visual Studio Solution File, Format Version 12.00
# Visual Studio Version 17
VisualStudioVersion = 17.1.32414.318
MinimumVisualStudioVersion = 10.0.40219.1
Project("{9A19103F-16F7-4668-BE54-9A1E7A4F7556}") = "Calculis.Core", "Calculis\Calculis.Core.csproj", "{26274ABA-499F-4C64-B8CD-4E01A1C4D26D}"
EndProject
Project("{9A19103F-16F7-4668-BE54-9A1E7A4F7556}") = "Calculis.Tests", "Calculis.Tests\Calculis.Tests.csproj", "{E822550D-9FBD-48F6-A2C0-22154C452550}"
EndProject
Global
	GlobalSection(SolutionConfigurationPlatforms) = preSolution
		Debug|Any CPU = Debug|Any CPU
		Release|Any CPU = Release|Any CPU
	EndGlobalSection
	GlobalSection(ProjectConfigurationPlatforms) = postSolution
		{26274ABA-499F-4C64-B8CD-4E01A1C4D26D}.Debug|Any CPU.ActiveCfg = Debug|Any CPU
		{26274ABA-499F-4C64-B8CD-4E01A1C4D26D}.Debug|Any CPU.Build.0 = Debug|Any CPU
		{26274ABA-499F-4C64-B8CD-4E01A1C4D26D}.Release|Any CPU.ActiveCfg = Release|Any CPU
		{26274ABA-499F-4C64-B8CD-4E01A1C4D26D}.Release|Any CPU.Build.0 = Release|Any CPU
		{E822550D-9FBD-48F6-A2C0-22154C452550}.Debug|Any CPU.ActiveCfg = Debug|Any CPU
		{E822550D-9FBD-48F6-A2C0-22154C452550}.Debug|Any CPU.Build.0 = Debug|Any CPU
		{E822550D-9FBD-48F6-A2C0-22154C452550}.Release|Any CPU.ActiveCfg = Release|Any CPU
		{E822550D-9FBD-48F6-A2C0-22154C452550}.Release|Any CPU.Build.0 = Release|Any CPU
	EndGlobalSection
	GlobalSection(SolutionProperties) = preSolution
		HideSolutionNode = FALSE
	EndGlobalSection
	GlobalSection(ExtensibilityGlobals) = postSolution
		SolutionGuid = {F2AB1450-704F-4DDA-8DF5-5D8728F7B200}
	EndGlobalSection
EndGlobal
